
Microsoft Visual Studio Solution File, Format Version 12.00
# Visual Studio Version 16
VisualStudioVersion = 16.0.30804.86
MinimumVisualStudioVersion = 10.0.40219.1
Project("{FAE04EC0-301F-11D3-BF4B-00C04F79EFBC}") = "LISSimulator", "LISSimulator\LISSimulator.csproj", "{14A403D2-34F2-414E-AF8D-BB86390D1C11}"
EndProject
Project("{2150E333-8FDC-42A3-9474-1A3956D46DE8}") = "Docs", "Docs", "{FE8928D1-3425-420F-B8A2-3AF35F0FFAF1}"
	ProjectSection(SolutionItems) = preProject
		Doc\ASTM Panther Driver Setup (mapping).docx = Doc\ASTM Panther Driver Setup (mapping).docx
		Doc\Dawning HL7 and ASTM Specifications.pdf = Doc\Dawning HL7 and ASTM Specifications.pdf
		Doc\LIS Sim Installation.doc = Doc\LIS Sim Installation.doc
		Doc\LIS Sim User Manual.doc = Doc\LIS Sim User Manual.doc
		Doc\LISSimV5 Overview.pdf = Doc\LISSimV5 Overview.pdf
		Doc\ProfilerAnalysis.xlsx = Doc\ProfilerAnalysis.xlsx
		Doc\Project and Code Changes Made to LISSimV5.docx = Doc\Project and Code Changes Made to LISSimV5.docx
		Doc\Release Notes.docx = Doc\Release Notes.docx
		Doc\ScanScreenCommands.pdf = Doc\ScanScreenCommands.pdf
	EndProjectSection
EndProject
Project("{2150E333-8FDC-42A3-9474-1A3956D46DE8}") = "LISCommunicationLayer", "LISCommunicationLayer", "{128D9A7F-795C-4F66-A456-34AD7A41A5F4}"
EndProject
Project("{9A19103F-16F7-4668-BE54-9A1E7A4F7556}") = "TCPCSFunctions", "LISCommunicationLayer\TCPCSFunctions\TCPCSFunctions.csproj", "{98E5BEDF-C82E-40AC-B921-676916A3D634}"
EndProject
Project("{FAE04EC0-301F-11D3-BF4B-00C04F79EFBC}") = "TCPcsLibrary", "LISCommunicationLayer\TCPcsLibrary\TCPcsLibrary.csproj", "{51EDA025-D987-4F67-98D5-45A9D63992C4}"
EndProject
Project("{8BC9CEB8-8B4A-11D0-8D11-00A0C91BC942}") = "TCPUnmanagedWrapper", "LISCommunicationLayer\TCPUnmanagedWrapper\TCPUnmanagedWrapper.vcxproj", "{C84D9471-8592-4B61-A845-23EF6233BA86}"
EndProject
Project("{8BC9CEB8-8B4A-11D0-8D11-00A0C91BC942}") = "TCPUnmanagedWrapperTest", "LISCommunicationLayer\TCPUnmanagedWrapperTest\TCPUnmanagedWrapperTest.vcxproj", "{7996DA3F-9A59-4E95-AB78-6C16534D6671}"
EndProject
Project("{8BC9CEB8-8B4A-11D0-8D11-00A0C91BC942}") = "UnitTests", "LISCommunicationLayer\UnitTests\UnitTests.vcxproj", "{EFFF05A2-638A-43BD-ADAD-0649E4FF387F}"
EndProject
Project("{8BC9CEB8-8B4A-11D0-8D11-00A0C91BC942}") = "HostQuery", "LISCommunicationLayer\HostQuery\HostQuery.vcxproj", "{8D517719-84B4-4AF2-A2DD-5980EAB475F5}"
EndProject
Project("{8BC9CEB8-8B4A-11D0-8D11-00A0C91BC942}") = "TCPConnection", "LISCommunicationLayer\TCPConnection\TCPConnection.vcxproj", "{74BE7C40-FFB8-4662-A937-515813605FE4}"
EndProject
Project("{8BC9CEB8-8B4A-11D0-8D11-00A0C91BC942}") = "TCPClient", "LISCommunicationLayer\TCPClient\TCPClient.vcxproj", "{A448186D-0AB5-4A7A-97BF-D5571661844D}"
EndProject
Project("{8BC9CEB8-8B4A-11D0-8D11-00A0C91BC942}") = "TCPServer", "LISCommunicationLayer\TCPServer\TCPServer.vcxproj", "{A16B1F89-5310-41D6-91A8-F33CC8A5B431}"
EndProject
Project("{8BC9CEB8-8B4A-11D0-8D11-00A0C91BC942}") = "TCPWrapperClass", "LISCommunicationLayer\TCPWrapperClass\TCPWrapperClass.vcxproj", "{C08EAAAA-F6CA-4874-9E24-CB1E1E1FEC9A}"
EndProject
Project("{8BC9CEB8-8B4A-11D0-8D11-00A0C91BC942}") = "TCPManagedWrapper", "LISCommunicationLayer\TCPManagedWrapper\TCPManagedWrapper.vcxproj", "{86D392CF-4D4F-4F73-9227-8017ED7556EA}"
EndProject
Project("{FAE04EC0-301F-11D3-BF4B-00C04F79EFBC}") = "TCPCSharpApp", "LISCommunicationLayer\TCPCSharpApp\TCPCSharpApp.csproj", "{4F96D0EA-F7BD-43E4-95EF-0E8D87B67E5B}"
EndProject
Project("{8BC9CEB8-8B4A-11D0-8D11-00A0C91BC942}") = "PipeServer", "LISCommunicationLayer\PipeServer\PipeServer.vcxproj", "{E586FCF5-2E97-4ACA-A222-5093548788D8}"
EndProject
Project("{8BC9CEB8-8B4A-11D0-8D11-00A0C91BC942}") = "PipeClient", "LISCommunicationLayer\PipeClient\PipeClient.vcxproj", "{91CACF9D-74AF-43B5-83F2-4B13E7E1A980}"
EndProject
Project("{9A19103F-16F7-4668-BE54-9A1E7A4F7556}") = "CSharpReceiverPipe", "LISCommunicationLayer\CSharpReceiverPipe\CSharpReceiverPipe.csproj", "{648777AC-F36B-470F-AC84-C2B5599FDCE3}"
EndProject
Project("{9A19103F-16F7-4668-BE54-9A1E7A4F7556}") = "CSharpPipeInstance", "LISCommunicationLayer\CSharpPipeInstance\CSharpPipeInstance.csproj", "{87FFA8A0-4941-491D-AB5F-87913727DBE4}"
EndProject
Project("{9A19103F-16F7-4668-BE54-9A1E7A4F7556}") = "CSharpServerApp", "LISCommunicationLayer\CSharpServerApp\CSharpServerApp.csproj", "{685B4D9E-64C8-4876-8345-79221E96B7A2}"
EndProject
Project("{FAE04EC0-301F-11D3-BF4B-00C04F79EFBC}") = "CSServerPipe", "LISCommunicationLayer\CSServerPipe\CSServerPipe.csproj", "{527790D5-EE20-455D-8C5A-5720B065D3A8}"
EndProject
Project("{FAE04EC0-301F-11D3-BF4B-00C04F79EFBC}") = "CSServerPipeTest", "LISCommunicationLayer\CSServerPipeTest\CSServerPipeTest.csproj", "{D16DEBFB-1D62-48D3-9427-D2B2B99CD868}"
EndProject
Global
	GlobalSection(SolutionConfigurationPlatforms) = preSolution
		Debug|Any CPU = Debug|Any CPU
		Debug|ARM = Debug|ARM
		Debug|ARM64 = Debug|ARM64
		Debug|x64 = Debug|x64
		Debug|x86 = Debug|x86
		Release|Any CPU = Release|Any CPU
		Release|ARM = Release|ARM
		Release|ARM64 = Release|ARM64
		Release|x64 = Release|x64
		Release|x86 = Release|x86
	EndGlobalSection
	GlobalSection(ProjectConfigurationPlatforms) = postSolution
		{14A403D2-34F2-414E-AF8D-BB86390D1C11}.Debug|Any CPU.ActiveCfg = Debug|x86
		{14A403D2-34F2-414E-AF8D-BB86390D1C11}.Debug|ARM.ActiveCfg = Debug|x86
		{14A403D2-34F2-414E-AF8D-BB86390D1C11}.Debug|ARM64.ActiveCfg = Debug|x86
		{14A403D2-34F2-414E-AF8D-BB86390D1C11}.Debug|x64.ActiveCfg = Debug|x86
		{14A403D2-34F2-414E-AF8D-BB86390D1C11}.Debug|x86.ActiveCfg = Debug|x86
		{14A403D2-34F2-414E-AF8D-BB86390D1C11}.Debug|x86.Build.0 = Debug|x86
		{14A403D2-34F2-414E-AF8D-BB86390D1C11}.Release|Any CPU.ActiveCfg = Release|x86
		{14A403D2-34F2-414E-AF8D-BB86390D1C11}.Release|ARM.ActiveCfg = Release|x86
		{14A403D2-34F2-414E-AF8D-BB86390D1C11}.Release|ARM64.ActiveCfg = Release|x86
		{14A403D2-34F2-414E-AF8D-BB86390D1C11}.Release|x64.ActiveCfg = Release|x86
		{14A403D2-34F2-414E-AF8D-BB86390D1C11}.Release|x86.ActiveCfg = Release|x86
		{14A403D2-34F2-414E-AF8D-BB86390D1C11}.Release|x86.Build.0 = Release|x86
		{98E5BEDF-C82E-40AC-B921-676916A3D634}.Debug|Any CPU.ActiveCfg = Debug|Any CPU
		{98E5BEDF-C82E-40AC-B921-676916A3D634}.Debug|Any CPU.Build.0 = Debug|Any CPU
		{98E5BEDF-C82E-40AC-B921-676916A3D634}.Debug|ARM.ActiveCfg = Debug|Any CPU
		{98E5BEDF-C82E-40AC-B921-676916A3D634}.Debug|ARM.Build.0 = Debug|Any CPU
		{98E5BEDF-C82E-40AC-B921-676916A3D634}.Debug|ARM64.ActiveCfg = Debug|Any CPU
		{98E5BEDF-C82E-40AC-B921-676916A3D634}.Debug|ARM64.Build.0 = Debug|Any CPU
		{98E5BEDF-C82E-40AC-B921-676916A3D634}.Debug|x64.ActiveCfg = Debug|Any CPU
		{98E5BEDF-C82E-40AC-B921-676916A3D634}.Debug|x64.Build.0 = Debug|Any CPU
		{98E5BEDF-C82E-40AC-B921-676916A3D634}.Debug|x86.ActiveCfg = Debug|Any CPU
		{98E5BEDF-C82E-40AC-B921-676916A3D634}.Debug|x86.Build.0 = Debug|Any CPU
		{98E5BEDF-C82E-40AC-B921-676916A3D634}.Release|Any CPU.ActiveCfg = Release|Any CPU
		{98E5BEDF-C82E-40AC-B921-676916A3D634}.Release|Any CPU.Build.0 = Release|Any CPU
		{98E5BEDF-C82E-40AC-B921-676916A3D634}.Release|ARM.ActiveCfg = Release|Any CPU
		{98E5BEDF-C82E-40AC-B921-676916A3D634}.Release|ARM.Build.0 = Release|Any CPU
		{98E5BEDF-C82E-40AC-B921-676916A3D634}.Release|ARM64.ActiveCfg = Release|Any CPU
		{98E5BEDF-C82E-40AC-B921-676916A3D634}.Release|ARM64.Build.0 = Release|Any CPU
		{98E5BEDF-C82E-40AC-B921-676916A3D634}.Release|x64.ActiveCfg = Release|Any CPU
		{98E5BEDF-C82E-40AC-B921-676916A3D634}.Release|x64.Build.0 = Release|Any CPU
		{98E5BEDF-C82E-40AC-B921-676916A3D634}.Release|x86.ActiveCfg = Release|Any CPU
		{98E5BEDF-C82E-40AC-B921-676916A3D634}.Release|x86.Build.0 = Release|Any CPU
		{51EDA025-D987-4F67-98D5-45A9D63992C4}.Debug|Any CPU.ActiveCfg = Debug|Any CPU
		{51EDA025-D987-4F67-98D5-45A9D63992C4}.Debug|Any CPU.Build.0 = Debug|Any CPU
		{51EDA025-D987-4F67-98D5-45A9D63992C4}.Debug|ARM.ActiveCfg = Debug|Any CPU
		{51EDA025-D987-4F67-98D5-45A9D63992C4}.Debug|ARM.Build.0 = Debug|Any CPU
		{51EDA025-D987-4F67-98D5-45A9D63992C4}.Debug|ARM64.ActiveCfg = Debug|Any CPU
		{51EDA025-D987-4F67-98D5-45A9D63992C4}.Debug|ARM64.Build.0 = Debug|Any CPU
		{51EDA025-D987-4F67-98D5-45A9D63992C4}.Debug|x64.ActiveCfg = Debug|Any CPU
		{51EDA025-D987-4F67-98D5-45A9D63992C4}.Debug|x64.Build.0 = Debug|Any CPU
		{51EDA025-D987-4F67-98D5-45A9D63992C4}.Debug|x86.ActiveCfg = Debug|Any CPU
		{51EDA025-D987-4F67-98D5-45A9D63992C4}.Debug|x86.Build.0 = Debug|Any CPU
		{51EDA025-D987-4F67-98D5-45A9D63992C4}.Release|Any CPU.ActiveCfg = Release|Any CPU
		{51EDA025-D987-4F67-98D5-45A9D63992C4}.Release|Any CPU.Build.0 = Release|Any CPU
		{51EDA025-D987-4F67-98D5-45A9D63992C4}.Release|ARM.ActiveCfg = Release|Any CPU
		{51EDA025-D987-4F67-98D5-45A9D63992C4}.Release|ARM.Build.0 = Release|Any CPU
		{51EDA025-D987-4F67-98D5-45A9D63992C4}.Release|ARM64.ActiveCfg = Release|Any CPU
		{51EDA025-D987-4F67-98D5-45A9D63992C4}.Release|ARM64.Build.0 = Release|Any CPU
		{51EDA025-D987-4F67-98D5-45A9D63992C4}.Release|x64.ActiveCfg = Release|Any CPU
		{51EDA025-D987-4F67-98D5-45A9D63992C4}.Release|x64.Build.0 = Release|Any CPU
		{51EDA025-D987-4F67-98D5-45A9D63992C4}.Release|x86.ActiveCfg = Release|Any CPU
		{51EDA025-D987-4F67-98D5-45A9D63992C4}.Release|x86.Build.0 = Release|Any CPU
		{C84D9471-8592-4B61-A845-23EF6233BA86}.Debug|Any CPU.ActiveCfg = Debug|Win32
		{C84D9471-8592-4B61-A845-23EF6233BA86}.Debug|Any CPU.Build.0 = Debug|Win32
		{C84D9471-8592-4B61-A845-23EF6233BA86}.Debug|ARM.ActiveCfg = Debug|Win32
		{C84D9471-8592-4B61-A845-23EF6233BA86}.Debug|ARM64.ActiveCfg = Debug|Win32
		{C84D9471-8592-4B61-A845-23EF6233BA86}.Debug|x64.ActiveCfg = Debug|x64
		{C84D9471-8592-4B61-A845-23EF6233BA86}.Debug|x64.Build.0 = Debug|x64
		{C84D9471-8592-4B61-A845-23EF6233BA86}.Debug|x86.ActiveCfg = Debug|Win32
		{C84D9471-8592-4B61-A845-23EF6233BA86}.Debug|x86.Build.0 = Debug|Win32
		{C84D9471-8592-4B61-A845-23EF6233BA86}.Release|Any CPU.ActiveCfg = Release|Win32
		{C84D9471-8592-4B61-A845-23EF6233BA86}.Release|ARM.ActiveCfg = Release|Win32
		{C84D9471-8592-4B61-A845-23EF6233BA86}.Release|ARM64.ActiveCfg = Release|Win32
		{C84D9471-8592-4B61-A845-23EF6233BA86}.Release|x64.ActiveCfg = Release|x64
		{C84D9471-8592-4B61-A845-23EF6233BA86}.Release|x64.Build.0 = Release|x64
		{C84D9471-8592-4B61-A845-23EF6233BA86}.Release|x86.ActiveCfg = Release|Win32
		{C84D9471-8592-4B61-A845-23EF6233BA86}.Release|x86.Build.0 = Release|Win32
		{7996DA3F-9A59-4E95-AB78-6C16534D6671}.Debug|Any CPU.ActiveCfg = Debug|Win32
		{7996DA3F-9A59-4E95-AB78-6C16534D6671}.Debug|Any CPU.Build.0 = Debug|Win32
		{7996DA3F-9A59-4E95-AB78-6C16534D6671}.Debug|ARM.ActiveCfg = Debug|Win32
		{7996DA3F-9A59-4E95-AB78-6C16534D6671}.Debug|ARM64.ActiveCfg = Debug|Win32
		{7996DA3F-9A59-4E95-AB78-6C16534D6671}.Debug|x64.ActiveCfg = Debug|x64
		{7996DA3F-9A59-4E95-AB78-6C16534D6671}.Debug|x64.Build.0 = Debug|x64
		{7996DA3F-9A59-4E95-AB78-6C16534D6671}.Debug|x86.ActiveCfg = Debug|Win32
		{7996DA3F-9A59-4E95-AB78-6C16534D6671}.Debug|x86.Build.0 = Debug|Win32
		{7996DA3F-9A59-4E95-AB78-6C16534D6671}.Release|Any CPU.ActiveCfg = Release|Win32
		{7996DA3F-9A59-4E95-AB78-6C16534D6671}.Release|ARM.ActiveCfg = Release|Win32
		{7996DA3F-9A59-4E95-AB78-6C16534D6671}.Release|ARM64.ActiveCfg = Release|Win32
		{7996DA3F-9A59-4E95-AB78-6C16534D6671}.Release|x64.ActiveCfg = Release|x64
		{7996DA3F-9A59-4E95-AB78-6C16534D6671}.Release|x64.Build.0 = Release|x64
		{7996DA3F-9A59-4E95-AB78-6C16534D6671}.Release|x86.ActiveCfg = Release|Win32
		{7996DA3F-9A59-4E95-AB78-6C16534D6671}.Release|x86.Build.0 = Release|Win32
		{EFFF05A2-638A-43BD-ADAD-0649E4FF387F}.Debug|Any CPU.ActiveCfg = Debug|Win32
		{EFFF05A2-638A-43BD-ADAD-0649E4FF387F}.Debug|ARM.ActiveCfg = Debug|Win32
		{EFFF05A2-638A-43BD-ADAD-0649E4FF387F}.Debug|ARM64.ActiveCfg = Debug|Win32
		{EFFF05A2-638A-43BD-ADAD-0649E4FF387F}.Debug|x64.ActiveCfg = Debug|x64
		{EFFF05A2-638A-43BD-ADAD-0649E4FF387F}.Debug|x64.Build.0 = Debug|x64
		{EFFF05A2-638A-43BD-ADAD-0649E4FF387F}.Debug|x86.ActiveCfg = Debug|Win32
		{EFFF05A2-638A-43BD-ADAD-0649E4FF387F}.Debug|x86.Build.0 = Debug|Win32
		{EFFF05A2-638A-43BD-ADAD-0649E4FF387F}.Release|Any CPU.ActiveCfg = Release|Win32
		{EFFF05A2-638A-43BD-ADAD-0649E4FF387F}.Release|ARM.ActiveCfg = Release|Win32
		{EFFF05A2-638A-43BD-ADAD-0649E4FF387F}.Release|ARM64.ActiveCfg = Release|Win32
		{EFFF05A2-638A-43BD-ADAD-0649E4FF387F}.Release|x64.ActiveCfg = Release|x64
		{EFFF05A2-638A-43BD-ADAD-0649E4FF387F}.Release|x64.Build.0 = Release|x64
		{EFFF05A2-638A-43BD-ADAD-0649E4FF387F}.Release|x86.ActiveCfg = Release|Win32
		{EFFF05A2-638A-43BD-ADAD-0649E4FF387F}.Release|x86.Build.0 = Release|Win32
		{8D517719-84B4-4AF2-A2DD-5980EAB475F5}.Debug|Any CPU.ActiveCfg = Debug|Win32
		{8D517719-84B4-4AF2-A2DD-5980EAB475F5}.Debug|Any CPU.Build.0 = Debug|Win32
		{8D517719-84B4-4AF2-A2DD-5980EAB475F5}.Debug|ARM.ActiveCfg = Debug|Win32
		{8D517719-84B4-4AF2-A2DD-5980EAB475F5}.Debug|ARM64.ActiveCfg = Debug|Win32
		{8D517719-84B4-4AF2-A2DD-5980EAB475F5}.Debug|x64.ActiveCfg = Debug|x64
		{8D517719-84B4-4AF2-A2DD-5980EAB475F5}.Debug|x64.Build.0 = Debug|x64
		{8D517719-84B4-4AF2-A2DD-5980EAB475F5}.Debug|x86.ActiveCfg = Debug|Win32
		{8D517719-84B4-4AF2-A2DD-5980EAB475F5}.Debug|x86.Build.0 = Debug|Win32
		{8D517719-84B4-4AF2-A2DD-5980EAB475F5}.Release|Any CPU.ActiveCfg = Release|Win32
		{8D517719-84B4-4AF2-A2DD-5980EAB475F5}.Release|ARM.ActiveCfg = Release|Win32
		{8D517719-84B4-4AF2-A2DD-5980EAB475F5}.Release|ARM64.ActiveCfg = Release|Win32
		{8D517719-84B4-4AF2-A2DD-5980EAB475F5}.Release|x64.ActiveCfg = Release|x64
		{8D517719-84B4-4AF2-A2DD-5980EAB475F5}.Release|x64.Build.0 = Release|x64
		{8D517719-84B4-4AF2-A2DD-5980EAB475F5}.Release|x86.ActiveCfg = Release|Win32
		{8D517719-84B4-4AF2-A2DD-5980EAB475F5}.Release|x86.Build.0 = Release|Win32
		{74BE7C40-FFB8-4662-A937-515813605FE4}.Debug|Any CPU.ActiveCfg = Debug|Win32
		{74BE7C40-FFB8-4662-A937-515813605FE4}.Debug|Any CPU.Build.0 = Debug|Win32
		{74BE7C40-FFB8-4662-A937-515813605FE4}.Debug|ARM.ActiveCfg = Debug|Win32
		{74BE7C40-FFB8-4662-A937-515813605FE4}.Debug|ARM64.ActiveCfg = Debug|Win32
		{74BE7C40-FFB8-4662-A937-515813605FE4}.Debug|x64.ActiveCfg = Debug|x64
		{74BE7C40-FFB8-4662-A937-515813605FE4}.Debug|x64.Build.0 = Debug|x64
		{74BE7C40-FFB8-4662-A937-515813605FE4}.Debug|x86.ActiveCfg = Debug|Win32
		{74BE7C40-FFB8-4662-A937-515813605FE4}.Debug|x86.Build.0 = Debug|Win32
		{74BE7C40-FFB8-4662-A937-515813605FE4}.Release|Any CPU.ActiveCfg = Release|Win32
		{74BE7C40-FFB8-4662-A937-515813605FE4}.Release|ARM.ActiveCfg = Release|Win32
		{74BE7C40-FFB8-4662-A937-515813605FE4}.Release|ARM64.ActiveCfg = Release|Win32
		{74BE7C40-FFB8-4662-A937-515813605FE4}.Release|x64.ActiveCfg = Release|x64
		{74BE7C40-FFB8-4662-A937-515813605FE4}.Release|x64.Build.0 = Release|x64
		{74BE7C40-FFB8-4662-A937-515813605FE4}.Release|x86.ActiveCfg = Release|Win32
		{74BE7C40-FFB8-4662-A937-515813605FE4}.Release|x86.Build.0 = Release|Win32
		{A448186D-0AB5-4A7A-97BF-D5571661844D}.Debug|Any CPU.ActiveCfg = Debug|Win32
		{A448186D-0AB5-4A7A-97BF-D5571661844D}.Debug|Any CPU.Build.0 = Debug|Win32
		{A448186D-0AB5-4A7A-97BF-D5571661844D}.Debug|ARM.ActiveCfg = Debug|Win32
		{A448186D-0AB5-4A7A-97BF-D5571661844D}.Debug|ARM64.ActiveCfg = Debug|Win32
		{A448186D-0AB5-4A7A-97BF-D5571661844D}.Debug|x64.ActiveCfg = Debug|x64
		{A448186D-0AB5-4A7A-97BF-D5571661844D}.Debug|x64.Build.0 = Debug|x64
		{A448186D-0AB5-4A7A-97BF-D5571661844D}.Debug|x86.ActiveCfg = Debug|Win32
		{A448186D-0AB5-4A7A-97BF-D5571661844D}.Debug|x86.Build.0 = Debug|Win32
		{A448186D-0AB5-4A7A-97BF-D5571661844D}.Release|Any CPU.ActiveCfg = Release|Win32
		{A448186D-0AB5-4A7A-97BF-D5571661844D}.Release|ARM.ActiveCfg = Release|Win32
		{A448186D-0AB5-4A7A-97BF-D5571661844D}.Release|ARM64.ActiveCfg = Release|Win32
		{A448186D-0AB5-4A7A-97BF-D5571661844D}.Release|x64.ActiveCfg = Release|x64
		{A448186D-0AB5-4A7A-97BF-D5571661844D}.Release|x64.Build.0 = Release|x64
		{A448186D-0AB5-4A7A-97BF-D5571661844D}.Release|x86.ActiveCfg = Release|Win32
		{A448186D-0AB5-4A7A-97BF-D5571661844D}.Release|x86.Build.0 = Release|Win32
		{A16B1F89-5310-41D6-91A8-F33CC8A5B431}.Debug|Any CPU.ActiveCfg = Debug|Win32
		{A16B1F89-5310-41D6-91A8-F33CC8A5B431}.Debug|Any CPU.Build.0 = Debug|Win32
		{A16B1F89-5310-41D6-91A8-F33CC8A5B431}.Debug|ARM.ActiveCfg = Debug|Win32
		{A16B1F89-5310-41D6-91A8-F33CC8A5B431}.Debug|ARM64.ActiveCfg = Debug|Win32
		{A16B1F89-5310-41D6-91A8-F33CC8A5B431}.Debug|x64.ActiveCfg = Debug|x64
		{A16B1F89-5310-41D6-91A8-F33CC8A5B431}.Debug|x64.Build.0 = Debug|x64
		{A16B1F89-5310-41D6-91A8-F33CC8A5B431}.Debug|x86.ActiveCfg = Debug|Win32
		{A16B1F89-5310-41D6-91A8-F33CC8A5B431}.Debug|x86.Build.0 = Debug|Win32
		{A16B1F89-5310-41D6-91A8-F33CC8A5B431}.Release|Any CPU.ActiveCfg = Release|Win32
		{A16B1F89-5310-41D6-91A8-F33CC8A5B431}.Release|ARM.ActiveCfg = Release|Win32
		{A16B1F89-5310-41D6-91A8-F33CC8A5B431}.Release|ARM64.ActiveCfg = Release|Win32
		{A16B1F89-5310-41D6-91A8-F33CC8A5B431}.Release|x64.ActiveCfg = Release|x64
		{A16B1F89-5310-41D6-91A8-F33CC8A5B431}.Release|x64.Build.0 = Release|x64
		{A16B1F89-5310-41D6-91A8-F33CC8A5B431}.Release|x86.ActiveCfg = Release|Win32
		{A16B1F89-5310-41D6-91A8-F33CC8A5B431}.Release|x86.Build.0 = Release|Win32
		{C08EAAAA-F6CA-4874-9E24-CB1E1E1FEC9A}.Debug|Any CPU.ActiveCfg = Debug|Win32
		{C08EAAAA-F6CA-4874-9E24-CB1E1E1FEC9A}.Debug|Any CPU.Build.0 = Debug|Win32
		{C08EAAAA-F6CA-4874-9E24-CB1E1E1FEC9A}.Debug|ARM.ActiveCfg = Debug|Win32
		{C08EAAAA-F6CA-4874-9E24-CB1E1E1FEC9A}.Debug|ARM64.ActiveCfg = Debug|Win32
		{C08EAAAA-F6CA-4874-9E24-CB1E1E1FEC9A}.Debug|x64.ActiveCfg = Debug|x64
		{C08EAAAA-F6CA-4874-9E24-CB1E1E1FEC9A}.Debug|x64.Build.0 = Debug|x64
		{C08EAAAA-F6CA-4874-9E24-CB1E1E1FEC9A}.Debug|x86.ActiveCfg = Debug|Win32
		{C08EAAAA-F6CA-4874-9E24-CB1E1E1FEC9A}.Debug|x86.Build.0 = Debug|Win32
		{C08EAAAA-F6CA-4874-9E24-CB1E1E1FEC9A}.Release|Any CPU.ActiveCfg = Release|Win32
		{C08EAAAA-F6CA-4874-9E24-CB1E1E1FEC9A}.Release|ARM.ActiveCfg = Release|Win32
		{C08EAAAA-F6CA-4874-9E24-CB1E1E1FEC9A}.Release|ARM64.ActiveCfg = Release|Win32
		{C08EAAAA-F6CA-4874-9E24-CB1E1E1FEC9A}.Release|x64.ActiveCfg = Release|x64
		{C08EAAAA-F6CA-4874-9E24-CB1E1E1FEC9A}.Release|x64.Build.0 = Release|x64
		{C08EAAAA-F6CA-4874-9E24-CB1E1E1FEC9A}.Release|x86.ActiveCfg = Release|Win32
		{C08EAAAA-F6CA-4874-9E24-CB1E1E1FEC9A}.Release|x86.Build.0 = Release|Win32
		{86D392CF-4D4F-4F73-9227-8017ED7556EA}.Debug|Any CPU.ActiveCfg = Debug|Win32
		{86D392CF-4D4F-4F73-9227-8017ED7556EA}.Debug|Any CPU.Build.0 = Debug|Win32
		{86D392CF-4D4F-4F73-9227-8017ED7556EA}.Debug|ARM.ActiveCfg = Debug|Win32
		{86D392CF-4D4F-4F73-9227-8017ED7556EA}.Debug|ARM64.ActiveCfg = Debug|Win32
		{86D392CF-4D4F-4F73-9227-8017ED7556EA}.Debug|x64.ActiveCfg = Debug|x64
		{86D392CF-4D4F-4F73-9227-8017ED7556EA}.Debug|x64.Build.0 = Debug|x64
		{86D392CF-4D4F-4F73-9227-8017ED7556EA}.Debug|x86.ActiveCfg = Debug|Win32
		{86D392CF-4D4F-4F73-9227-8017ED7556EA}.Debug|x86.Build.0 = Debug|Win32
		{86D392CF-4D4F-4F73-9227-8017ED7556EA}.Release|Any CPU.ActiveCfg = Release|Win32
		{86D392CF-4D4F-4F73-9227-8017ED7556EA}.Release|ARM.ActiveCfg = Release|Win32
		{86D392CF-4D4F-4F73-9227-8017ED7556EA}.Release|ARM64.ActiveCfg = Release|Win32
		{86D392CF-4D4F-4F73-9227-8017ED7556EA}.Release|x64.ActiveCfg = Release|x64
		{86D392CF-4D4F-4F73-9227-8017ED7556EA}.Release|x64.Build.0 = Release|x64
		{86D392CF-4D4F-4F73-9227-8017ED7556EA}.Release|x86.ActiveCfg = Release|Win32
		{86D392CF-4D4F-4F73-9227-8017ED7556EA}.Release|x86.Build.0 = Release|Win32
		{4F96D0EA-F7BD-43E4-95EF-0E8D87B67E5B}.Debug|Any CPU.ActiveCfg = Debug|Any CPU
		{4F96D0EA-F7BD-43E4-95EF-0E8D87B67E5B}.Debug|Any CPU.Build.0 = Debug|Any CPU
		{4F96D0EA-F7BD-43E4-95EF-0E8D87B67E5B}.Debug|ARM.ActiveCfg = Debug|Any CPU
		{4F96D0EA-F7BD-43E4-95EF-0E8D87B67E5B}.Debug|ARM.Build.0 = Debug|Any CPU
		{4F96D0EA-F7BD-43E4-95EF-0E8D87B67E5B}.Debug|ARM64.ActiveCfg = Debug|Any CPU
		{4F96D0EA-F7BD-43E4-95EF-0E8D87B67E5B}.Debug|ARM64.Build.0 = Debug|Any CPU
		{4F96D0EA-F7BD-43E4-95EF-0E8D87B67E5B}.Debug|x64.ActiveCfg = Debug|Any CPU
		{4F96D0EA-F7BD-43E4-95EF-0E8D87B67E5B}.Debug|x64.Build.0 = Debug|Any CPU
		{4F96D0EA-F7BD-43E4-95EF-0E8D87B67E5B}.Debug|x86.ActiveCfg = Debug|Any CPU
		{4F96D0EA-F7BD-43E4-95EF-0E8D87B67E5B}.Debug|x86.Build.0 = Debug|Any CPU
		{4F96D0EA-F7BD-43E4-95EF-0E8D87B67E5B}.Release|Any CPU.ActiveCfg = Release|Any CPU
		{4F96D0EA-F7BD-43E4-95EF-0E8D87B67E5B}.Release|Any CPU.Build.0 = Release|Any CPU
		{4F96D0EA-F7BD-43E4-95EF-0E8D87B67E5B}.Release|ARM.ActiveCfg = Release|Any CPU
		{4F96D0EA-F7BD-43E4-95EF-0E8D87B67E5B}.Release|ARM.Build.0 = Release|Any CPU
		{4F96D0EA-F7BD-43E4-95EF-0E8D87B67E5B}.Release|ARM64.ActiveCfg = Release|Any CPU
		{4F96D0EA-F7BD-43E4-95EF-0E8D87B67E5B}.Release|ARM64.Build.0 = Release|Any CPU
		{4F96D0EA-F7BD-43E4-95EF-0E8D87B67E5B}.Release|x64.ActiveCfg = Release|Any CPU
		{4F96D0EA-F7BD-43E4-95EF-0E8D87B67E5B}.Release|x64.Build.0 = Release|Any CPU
		{4F96D0EA-F7BD-43E4-95EF-0E8D87B67E5B}.Release|x86.ActiveCfg = Release|Any CPU
		{4F96D0EA-F7BD-43E4-95EF-0E8D87B67E5B}.Release|x86.Build.0 = Release|Any CPU
		{E586FCF5-2E97-4ACA-A222-5093548788D8}.Debug|Any CPU.ActiveCfg = Debug|Win32
		{E586FCF5-2E97-4ACA-A222-5093548788D8}.Debug|Any CPU.Build.0 = Debug|Win32
		{E586FCF5-2E97-4ACA-A222-5093548788D8}.Debug|ARM.ActiveCfg = Debug|Win32
		{E586FCF5-2E97-4ACA-A222-5093548788D8}.Debug|ARM64.ActiveCfg = Debug|Win32
		{E586FCF5-2E97-4ACA-A222-5093548788D8}.Debug|x64.ActiveCfg = Debug|x64
		{E586FCF5-2E97-4ACA-A222-5093548788D8}.Debug|x64.Build.0 = Debug|x64
		{E586FCF5-2E97-4ACA-A222-5093548788D8}.Debug|x86.ActiveCfg = Debug|Win32
		{E586FCF5-2E97-4ACA-A222-5093548788D8}.Debug|x86.Build.0 = Debug|Win32
		{E586FCF5-2E97-4ACA-A222-5093548788D8}.Release|Any CPU.ActiveCfg = Release|Win32
		{E586FCF5-2E97-4ACA-A222-5093548788D8}.Release|ARM.ActiveCfg = Release|Win32
		{E586FCF5-2E97-4ACA-A222-5093548788D8}.Release|ARM64.ActiveCfg = Release|Win32
		{E586FCF5-2E97-4ACA-A222-5093548788D8}.Release|x64.ActiveCfg = Release|x64
		{E586FCF5-2E97-4ACA-A222-5093548788D8}.Release|x64.Build.0 = Release|x64
		{E586FCF5-2E97-4ACA-A222-5093548788D8}.Release|x86.ActiveCfg = Release|Win32
		{E586FCF5-2E97-4ACA-A222-5093548788D8}.Release|x86.Build.0 = Release|Win32
		{91CACF9D-74AF-43B5-83F2-4B13E7E1A980}.Debug|Any CPU.ActiveCfg = Debug|Win32
		{91CACF9D-74AF-43B5-83F2-4B13E7E1A980}.Debug|Any CPU.Build.0 = Debug|Win32
		{91CACF9D-74AF-43B5-83F2-4B13E7E1A980}.Debug|ARM.ActiveCfg = Debug|Win32
		{91CACF9D-74AF-43B5-83F2-4B13E7E1A980}.Debug|ARM64.ActiveCfg = Debug|Win32
		{91CACF9D-74AF-43B5-83F2-4B13E7E1A980}.Debug|x64.ActiveCfg = Debug|x64
		{91CACF9D-74AF-43B5-83F2-4B13E7E1A980}.Debug|x64.Build.0 = Debug|x64
		{91CACF9D-74AF-43B5-83F2-4B13E7E1A980}.Debug|x86.ActiveCfg = Debug|Win32
		{91CACF9D-74AF-43B5-83F2-4B13E7E1A980}.Debug|x86.Build.0 = Debug|Win32
		{91CACF9D-74AF-43B5-83F2-4B13E7E1A980}.Release|Any CPU.ActiveCfg = Release|Win32
		{91CACF9D-74AF-43B5-83F2-4B13E7E1A980}.Release|ARM.ActiveCfg = Release|Win32
		{91CACF9D-74AF-43B5-83F2-4B13E7E1A980}.Release|ARM64.ActiveCfg = Release|Win32
		{91CACF9D-74AF-43B5-83F2-4B13E7E1A980}.Release|x64.ActiveCfg = Release|x64
		{91CACF9D-74AF-43B5-83F2-4B13E7E1A980}.Release|x64.Build.0 = Release|x64
		{91CACF9D-74AF-43B5-83F2-4B13E7E1A980}.Release|x86.ActiveCfg = Release|Win32
		{91CACF9D-74AF-43B5-83F2-4B13E7E1A980}.Release|x86.Build.0 = Release|Win32
		{648777AC-F36B-470F-AC84-C2B5599FDCE3}.Debug|Any CPU.ActiveCfg = Debug|Any CPU
		{648777AC-F36B-470F-AC84-C2B5599FDCE3}.Debug|Any CPU.Build.0 = Debug|Any CPU
		{648777AC-F36B-470F-AC84-C2B5599FDCE3}.Debug|ARM.ActiveCfg = Debug|Any CPU
		{648777AC-F36B-470F-AC84-C2B5599FDCE3}.Debug|ARM.Build.0 = Debug|Any CPU
		{648777AC-F36B-470F-AC84-C2B5599FDCE3}.Debug|ARM64.ActiveCfg = Debug|Any CPU
		{648777AC-F36B-470F-AC84-C2B5599FDCE3}.Debug|ARM64.Build.0 = Debug|Any CPU
		{648777AC-F36B-470F-AC84-C2B5599FDCE3}.Debug|x64.ActiveCfg = Debug|Any CPU
		{648777AC-F36B-470F-AC84-C2B5599FDCE3}.Debug|x64.Build.0 = Debug|Any CPU
		{648777AC-F36B-470F-AC84-C2B5599FDCE3}.Debug|x86.ActiveCfg = Debug|Any CPU
		{648777AC-F36B-470F-AC84-C2B5599FDCE3}.Debug|x86.Build.0 = Debug|Any CPU
		{648777AC-F36B-470F-AC84-C2B5599FDCE3}.Release|Any CPU.ActiveCfg = Release|Any CPU
		{648777AC-F36B-470F-AC84-C2B5599FDCE3}.Release|Any CPU.Build.0 = Release|Any CPU
		{648777AC-F36B-470F-AC84-C2B5599FDCE3}.Release|ARM.ActiveCfg = Release|Any CPU
		{648777AC-F36B-470F-AC84-C2B5599FDCE3}.Release|ARM.Build.0 = Release|Any CPU
		{648777AC-F36B-470F-AC84-C2B5599FDCE3}.Release|ARM64.ActiveCfg = Release|Any CPU
		{648777AC-F36B-470F-AC84-C2B5599FDCE3}.Release|ARM64.Build.0 = Release|Any CPU
		{648777AC-F36B-470F-AC84-C2B5599FDCE3}.Release|x64.ActiveCfg = Release|Any CPU
		{648777AC-F36B-470F-AC84-C2B5599FDCE3}.Release|x64.Build.0 = Release|Any CPU
		{648777AC-F36B-470F-AC84-C2B5599FDCE3}.Release|x86.ActiveCfg = Release|Any CPU
		{648777AC-F36B-470F-AC84-C2B5599FDCE3}.Release|x86.Build.0 = Release|Any CPU
		{87FFA8A0-4941-491D-AB5F-87913727DBE4}.Debug|Any CPU.ActiveCfg = Debug|Any CPU
		{87FFA8A0-4941-491D-AB5F-87913727DBE4}.Debug|Any CPU.Build.0 = Debug|Any CPU
		{87FFA8A0-4941-491D-AB5F-87913727DBE4}.Debug|ARM.ActiveCfg = Debug|Any CPU
		{87FFA8A0-4941-491D-AB5F-87913727DBE4}.Debug|ARM.Build.0 = Debug|Any CPU
		{87FFA8A0-4941-491D-AB5F-87913727DBE4}.Debug|ARM64.ActiveCfg = Debug|Any CPU
		{87FFA8A0-4941-491D-AB5F-87913727DBE4}.Debug|ARM64.Build.0 = Debug|Any CPU
		{87FFA8A0-4941-491D-AB5F-87913727DBE4}.Debug|x64.ActiveCfg = Debug|Any CPU
		{87FFA8A0-4941-491D-AB5F-87913727DBE4}.Debug|x64.Build.0 = Debug|Any CPU
		{87FFA8A0-4941-491D-AB5F-87913727DBE4}.Debug|x86.ActiveCfg = Debug|Any CPU
		{87FFA8A0-4941-491D-AB5F-87913727DBE4}.Debug|x86.Build.0 = Debug|Any CPU
		{87FFA8A0-4941-491D-AB5F-87913727DBE4}.Release|Any CPU.ActiveCfg = Release|Any CPU
		{87FFA8A0-4941-491D-AB5F-87913727DBE4}.Release|Any CPU.Build.0 = Release|Any CPU
		{87FFA8A0-4941-491D-AB5F-87913727DBE4}.Release|ARM.ActiveCfg = Release|Any CPU
		{87FFA8A0-4941-491D-AB5F-87913727DBE4}.Release|ARM.Build.0 = Release|Any CPU
		{87FFA8A0-4941-491D-AB5F-87913727DBE4}.Release|ARM64.ActiveCfg = Release|Any CPU
		{87FFA8A0-4941-491D-AB5F-87913727DBE4}.Release|ARM64.Build.0 = Release|Any CPU
		{87FFA8A0-4941-491D-AB5F-87913727DBE4}.Release|x64.ActiveCfg = Release|Any CPU
		{87FFA8A0-4941-491D-AB5F-87913727DBE4}.Release|x64.Build.0 = Release|Any CPU
		{87FFA8A0-4941-491D-AB5F-87913727DBE4}.Release|x86.ActiveCfg = Release|Any CPU
		{87FFA8A0-4941-491D-AB5F-87913727DBE4}.Release|x86.Build.0 = Release|Any CPU
		{685B4D9E-64C8-4876-8345-79221E96B7A2}.Debug|Any CPU.ActiveCfg = Debug|Any CPU
		{685B4D9E-64C8-4876-8345-79221E96B7A2}.Debug|Any CPU.Build.0 = Debug|Any CPU
		{685B4D9E-64C8-4876-8345-79221E96B7A2}.Debug|ARM.ActiveCfg = Debug|Any CPU
		{685B4D9E-64C8-4876-8345-79221E96B7A2}.Debug|ARM.Build.0 = Debug|Any CPU
		{685B4D9E-64C8-4876-8345-79221E96B7A2}.Debug|ARM64.ActiveCfg = Debug|Any CPU
		{685B4D9E-64C8-4876-8345-79221E96B7A2}.Debug|ARM64.Build.0 = Debug|Any CPU
		{685B4D9E-64C8-4876-8345-79221E96B7A2}.Debug|x64.ActiveCfg = Debug|Any CPU
		{685B4D9E-64C8-4876-8345-79221E96B7A2}.Debug|x64.Build.0 = Debug|Any CPU
		{685B4D9E-64C8-4876-8345-79221E96B7A2}.Debug|x86.ActiveCfg = Debug|Any CPU
		{685B4D9E-64C8-4876-8345-79221E96B7A2}.Debug|x86.Build.0 = Debug|Any CPU
		{685B4D9E-64C8-4876-8345-79221E96B7A2}.Release|Any CPU.ActiveCfg = Release|Any CPU
		{685B4D9E-64C8-4876-8345-79221E96B7A2}.Release|Any CPU.Build.0 = Release|Any CPU
		{685B4D9E-64C8-4876-8345-79221E96B7A2}.Release|ARM.ActiveCfg = Release|Any CPU
		{685B4D9E-64C8-4876-8345-79221E96B7A2}.Release|ARM.Build.0 = Release|Any CPU
		{685B4D9E-64C8-4876-8345-79221E96B7A2}.Release|ARM64.ActiveCfg = Release|Any CPU
		{685B4D9E-64C8-4876-8345-79221E96B7A2}.Release|ARM64.Build.0 = Release|Any CPU
		{685B4D9E-64C8-4876-8345-79221E96B7A2}.Release|x64.ActiveCfg = Release|Any CPU
		{685B4D9E-64C8-4876-8345-79221E96B7A2}.Release|x64.Build.0 = Release|Any CPU
		{685B4D9E-64C8-4876-8345-79221E96B7A2}.Release|x86.ActiveCfg = Release|Any CPU
		{685B4D9E-64C8-4876-8345-79221E96B7A2}.Release|x86.Build.0 = Release|Any CPU
		{527790D5-EE20-455D-8C5A-5720B065D3A8}.Debug|Any CPU.ActiveCfg = Debug|Any CPU
		{527790D5-EE20-455D-8C5A-5720B065D3A8}.Debug|Any CPU.Build.0 = Debug|Any CPU
		{527790D5-EE20-455D-8C5A-5720B065D3A8}.Debug|ARM.ActiveCfg = Debug|Any CPU
		{527790D5-EE20-455D-8C5A-5720B065D3A8}.Debug|ARM.Build.0 = Debug|Any CPU
		{527790D5-EE20-455D-8C5A-5720B065D3A8}.Debug|ARM64.ActiveCfg = Debug|Any CPU
		{527790D5-EE20-455D-8C5A-5720B065D3A8}.Debug|ARM64.Build.0 = Debug|Any CPU
		{527790D5-EE20-455D-8C5A-5720B065D3A8}.Debug|x64.ActiveCfg = Debug|Any CPU
		{527790D5-EE20-455D-8C5A-5720B065D3A8}.Debug|x64.Build.0 = Debug|Any CPU
		{527790D5-EE20-455D-8C5A-5720B065D3A8}.Debug|x86.ActiveCfg = Debug|Any CPU
		{527790D5-EE20-455D-8C5A-5720B065D3A8}.Debug|x86.Build.0 = Debug|Any CPU
		{527790D5-EE20-455D-8C5A-5720B065D3A8}.Release|Any CPU.ActiveCfg = Release|Any CPU
		{527790D5-EE20-455D-8C5A-5720B065D3A8}.Release|Any CPU.Build.0 = Release|Any CPU
		{527790D5-EE20-455D-8C5A-5720B065D3A8}.Release|ARM.ActiveCfg = Release|Any CPU
		{527790D5-EE20-455D-8C5A-5720B065D3A8}.Release|ARM.Build.0 = Release|Any CPU
		{527790D5-EE20-455D-8C5A-5720B065D3A8}.Release|ARM64.ActiveCfg = Release|Any CPU
		{527790D5-EE20-455D-8C5A-5720B065D3A8}.Release|ARM64.Build.0 = Release|Any CPU
		{527790D5-EE20-455D-8C5A-5720B065D3A8}.Release|x64.ActiveCfg = Release|Any CPU
		{527790D5-EE20-455D-8C5A-5720B065D3A8}.Release|x64.Build.0 = Release|Any CPU
		{527790D5-EE20-455D-8C5A-5720B065D3A8}.Release|x86.ActiveCfg = Release|Any CPU
		{527790D5-EE20-455D-8C5A-5720B065D3A8}.Release|x86.Build.0 = Release|Any CPU
		{D16DEBFB-1D62-48D3-9427-D2B2B99CD868}.Debug|Any CPU.ActiveCfg = Debug|Any CPU
		{D16DEBFB-1D62-48D3-9427-D2B2B99CD868}.Debug|Any CPU.Build.0 = Debug|Any CPU
		{D16DEBFB-1D62-48D3-9427-D2B2B99CD868}.Debug|ARM.ActiveCfg = Debug|Any CPU
		{D16DEBFB-1D62-48D3-9427-D2B2B99CD868}.Debug|ARM.Build.0 = Debug|Any CPU
		{D16DEBFB-1D62-48D3-9427-D2B2B99CD868}.Debug|ARM64.ActiveCfg = Debug|Any CPU
		{D16DEBFB-1D62-48D3-9427-D2B2B99CD868}.Debug|ARM64.Build.0 = Debug|Any CPU
		{D16DEBFB-1D62-48D3-9427-D2B2B99CD868}.Debug|x64.ActiveCfg = Debug|Any CPU
		{D16DEBFB-1D62-48D3-9427-D2B2B99CD868}.Debug|x64.Build.0 = Debug|Any CPU
		{D16DEBFB-1D62-48D3-9427-D2B2B99CD868}.Debug|x86.ActiveCfg = Debug|Any CPU
		{D16DEBFB-1D62-48D3-9427-D2B2B99CD868}.Debug|x86.Build.0 = Debug|Any CPU
		{D16DEBFB-1D62-48D3-9427-D2B2B99CD868}.Release|Any CPU.ActiveCfg = Release|Any CPU
		{D16DEBFB-1D62-48D3-9427-D2B2B99CD868}.Release|Any CPU.Build.0 = Release|Any CPU
		{D16DEBFB-1D62-48D3-9427-D2B2B99CD868}.Release|ARM.ActiveCfg = Release|Any CPU
		{D16DEBFB-1D62-48D3-9427-D2B2B99CD868}.Release|ARM.Build.0 = Release|Any CPU
		{D16DEBFB-1D62-48D3-9427-D2B2B99CD868}.Release|ARM64.ActiveCfg = Release|Any CPU
		{D16DEBFB-1D62-48D3-9427-D2B2B99CD868}.Release|ARM64.Build.0 = Release|Any CPU
		{D16DEBFB-1D62-48D3-9427-D2B2B99CD868}.Release|x64.ActiveCfg = Release|Any CPU
		{D16DEBFB-1D62-48D3-9427-D2B2B99CD868}.Release|x64.Build.0 = Release|Any CPU
		{D16DEBFB-1D62-48D3-9427-D2B2B99CD868}.Release|x86.ActiveCfg = Release|Any CPU
		{D16DEBFB-1D62-48D3-9427-D2B2B99CD868}.Release|x86.Build.0 = Release|Any CPU
	EndGlobalSection
	GlobalSection(SolutionProperties) = preSolution
		HideSolutionNode = FALSE
	EndGlobalSection
	GlobalSection(NestedProjects) = preSolution
		{98E5BEDF-C82E-40AC-B921-676916A3D634} = {128D9A7F-795C-4F66-A456-34AD7A41A5F4}
		{51EDA025-D987-4F67-98D5-45A9D63992C4} = {128D9A7F-795C-4F66-A456-34AD7A41A5F4}
		{C84D9471-8592-4B61-A845-23EF6233BA86} = {128D9A7F-795C-4F66-A456-34AD7A41A5F4}
		{7996DA3F-9A59-4E95-AB78-6C16534D6671} = {128D9A7F-795C-4F66-A456-34AD7A41A5F4}
		{EFFF05A2-638A-43BD-ADAD-0649E4FF387F} = {128D9A7F-795C-4F66-A456-34AD7A41A5F4}
		{8D517719-84B4-4AF2-A2DD-5980EAB475F5} = {128D9A7F-795C-4F66-A456-34AD7A41A5F4}
		{74BE7C40-FFB8-4662-A937-515813605FE4} = {128D9A7F-795C-4F66-A456-34AD7A41A5F4}
		{A448186D-0AB5-4A7A-97BF-D5571661844D} = {128D9A7F-795C-4F66-A456-34AD7A41A5F4}
		{A16B1F89-5310-41D6-91A8-F33CC8A5B431} = {128D9A7F-795C-4F66-A456-34AD7A41A5F4}
		{C08EAAAA-F6CA-4874-9E24-CB1E1E1FEC9A} = {128D9A7F-795C-4F66-A456-34AD7A41A5F4}
		{86D392CF-4D4F-4F73-9227-8017ED7556EA} = {128D9A7F-795C-4F66-A456-34AD7A41A5F4}
		{4F96D0EA-F7BD-43E4-95EF-0E8D87B67E5B} = {128D9A7F-795C-4F66-A456-34AD7A41A5F4}
		{E586FCF5-2E97-4ACA-A222-5093548788D8} = {128D9A7F-795C-4F66-A456-34AD7A41A5F4}
		{91CACF9D-74AF-43B5-83F2-4B13E7E1A980} = {128D9A7F-795C-4F66-A456-34AD7A41A5F4}
		{648777AC-F36B-470F-AC84-C2B5599FDCE3} = {128D9A7F-795C-4F66-A456-34AD7A41A5F4}
		{87FFA8A0-4941-491D-AB5F-87913727DBE4} = {128D9A7F-795C-4F66-A456-34AD7A41A5F4}
		{685B4D9E-64C8-4876-8345-79221E96B7A2} = {128D9A7F-795C-4F66-A456-34AD7A41A5F4}
		{527790D5-EE20-455D-8C5A-5720B065D3A8} = {128D9A7F-795C-4F66-A456-34AD7A41A5F4}
		{D16DEBFB-1D62-48D3-9427-D2B2B99CD868} = {128D9A7F-795C-4F66-A456-34AD7A41A5F4}
	EndGlobalSection
	GlobalSection(ExtensibilityGlobals) = postSolution
		SolutionGuid = {F1FAC364-AA68-41BC-99A7-A8AACED46E26}
	EndGlobalSection
EndGlobal
