
Microsoft Visual Studio Solution File, Format Version 12.00
# Visual Studio Version 16
VisualStudioVersion = 16.0.30225.117
MinimumVisualStudioVersion = 10.0.40219.1
Project("{8BC9CEB8-8B4A-11D0-8D11-00A0C91BC942}") = "TCPClientV5", "TCPClientV5\TCPClientV5.vcxproj", "{E7ABB127-6FEB-4ED2-8593-5895CE15823D}"
EndProject
Project("{8BC9CEB8-8B4A-11D0-8D11-00A0C91BC942}") = "TCPServerV5", "TCPServerV5\TCPServerV5.vcxproj", "{FAE742AE-7696-4EE2-A1BE-D5C51D8DED86}"
EndProject
Project("{8BC9CEB8-8B4A-11D0-8D11-00A0C91BC942}") = "TCPConnectionV5", "TCPConnectionV5\TCPConnectionV5.vcxproj", "{74BE7C40-FFB8-4662-A937-515813605FE4}"
EndProject
Project("{8BC9CEB8-8B4A-11D0-8D11-00A0C91BC942}") = "UnitTests", "UnitTests\UnitTests.vcxproj", "{EFFF05A2-638A-43BD-ADAD-0649E4FF387F}"
EndProject
Project("{8BC9CEB8-8B4A-11D0-8D11-00A0C91BC942}") = "HostQueryV5", "HostQueryV5\HostQueryV5.vcxproj", "{8D517719-84B4-4AF2-A2DD-5980EAB475F5}"
EndProject
Project("{8BC9CEB8-8B4A-11D0-8D11-00A0C91BC942}") = "TCPWrapperClassV5", "TCPWrapperClassV5\TCPWrapperClassV5.vcxproj", "{5900EF2A-4E8A-43E8-805D-1A29DE412163}"
EndProject
Project("{FAE04EC0-301F-11D3-BF4B-00C04F79EFBC}") = "TCPV5CSharpApp", "TCPV5CSharpApp\TCPV5CSharpApp.csproj", "{7C45D90C-F560-425C-A639-9FB1CC9FAF3E}"
EndProject
Project("{FAE04EC0-301F-11D3-BF4B-00C04F79EFBC}") = "TCPcsLibrary", "TCPcsLibrary\TCPcsLibrary.csproj", "{51EDA025-D987-4F67-98D5-45A9D63992C4}"
EndProject
Project("{8BC9CEB8-8B4A-11D0-8D11-00A0C91BC942}") = "TCPUnmanagedWrapper", "TCPUnmanagedWrapper\TCPUnmanagedWrapper.vcxproj", "{C84D9471-8592-4B61-A845-23EF6233BA86}"
EndProject
Project("{8BC9CEB8-8B4A-11D0-8D11-00A0C91BC942}") = "TCPUnmanagedWrapperTest", "TCPUnmanagedWrapperTest\TCPUnmanagedWrapperTest.vcxproj", "{7996DA3F-9A59-4E95-AB78-6C16534D6671}"
EndProject
Global
	GlobalSection(SolutionConfigurationPlatforms) = preSolution
		Debug|Any CPU = Debug|Any CPU
		Debug|x64 = Debug|x64
		Debug|x86 = Debug|x86
		Release|Any CPU = Release|Any CPU
		Release|x64 = Release|x64
		Release|x86 = Release|x86
	EndGlobalSection
	GlobalSection(ProjectConfigurationPlatforms) = postSolution
		{E7ABB127-6FEB-4ED2-8593-5895CE15823D}.Debug|Any CPU.ActiveCfg = Debug|Win32
		{E7ABB127-6FEB-4ED2-8593-5895CE15823D}.Debug|x64.ActiveCfg = Debug|x64
		{E7ABB127-6FEB-4ED2-8593-5895CE15823D}.Debug|x64.Build.0 = Debug|x64
		{E7ABB127-6FEB-4ED2-8593-5895CE15823D}.Debug|x86.ActiveCfg = Debug|Win32
		{E7ABB127-6FEB-4ED2-8593-5895CE15823D}.Debug|x86.Build.0 = Debug|Win32
		{E7ABB127-6FEB-4ED2-8593-5895CE15823D}.Release|Any CPU.ActiveCfg = Release|Win32
		{E7ABB127-6FEB-4ED2-8593-5895CE15823D}.Release|x64.ActiveCfg = Release|x64
		{E7ABB127-6FEB-4ED2-8593-5895CE15823D}.Release|x64.Build.0 = Release|x64
		{E7ABB127-6FEB-4ED2-8593-5895CE15823D}.Release|x86.ActiveCfg = Release|Win32
		{E7ABB127-6FEB-4ED2-8593-5895CE15823D}.Release|x86.Build.0 = Release|Win32
		{FAE742AE-7696-4EE2-A1BE-D5C51D8DED86}.Debug|Any CPU.ActiveCfg = Debug|Win32
		{FAE742AE-7696-4EE2-A1BE-D5C51D8DED86}.Debug|x64.ActiveCfg = Debug|x64
		{FAE742AE-7696-4EE2-A1BE-D5C51D8DED86}.Debug|x64.Build.0 = Debug|x64
		{FAE742AE-7696-4EE2-A1BE-D5C51D8DED86}.Debug|x86.ActiveCfg = Debug|Win32
		{FAE742AE-7696-4EE2-A1BE-D5C51D8DED86}.Debug|x86.Build.0 = Debug|Win32
		{FAE742AE-7696-4EE2-A1BE-D5C51D8DED86}.Release|Any CPU.ActiveCfg = Release|Win32
		{FAE742AE-7696-4EE2-A1BE-D5C51D8DED86}.Release|x64.ActiveCfg = Release|x64
		{FAE742AE-7696-4EE2-A1BE-D5C51D8DED86}.Release|x64.Build.0 = Release|x64
		{FAE742AE-7696-4EE2-A1BE-D5C51D8DED86}.Release|x86.ActiveCfg = Release|Win32
		{FAE742AE-7696-4EE2-A1BE-D5C51D8DED86}.Release|x86.Build.0 = Release|Win32
		{74BE7C40-FFB8-4662-A937-515813605FE4}.Debug|Any CPU.ActiveCfg = Debug|Win32
		{74BE7C40-FFB8-4662-A937-515813605FE4}.Debug|x64.ActiveCfg = Debug|x64
		{74BE7C40-FFB8-4662-A937-515813605FE4}.Debug|x64.Build.0 = Debug|x64
		{74BE7C40-FFB8-4662-A937-515813605FE4}.Debug|x86.ActiveCfg = Debug|Win32
		{74BE7C40-FFB8-4662-A937-515813605FE4}.Debug|x86.Build.0 = Debug|Win32
		{74BE7C40-FFB8-4662-A937-515813605FE4}.Release|Any CPU.ActiveCfg = Release|Win32
		{74BE7C40-FFB8-4662-A937-515813605FE4}.Release|x64.ActiveCfg = Release|x64
		{74BE7C40-FFB8-4662-A937-515813605FE4}.Release|x64.Build.0 = Release|x64
		{74BE7C40-FFB8-4662-A937-515813605FE4}.Release|x86.ActiveCfg = Release|Win32
		{74BE7C40-FFB8-4662-A937-515813605FE4}.Release|x86.Build.0 = Release|Win32
		{EFFF05A2-638A-43BD-ADAD-0649E4FF387F}.Debug|Any CPU.ActiveCfg = Debug|Win32
		{EFFF05A2-638A-43BD-ADAD-0649E4FF387F}.Debug|x64.ActiveCfg = Debug|x64
		{EFFF05A2-638A-43BD-ADAD-0649E4FF387F}.Debug|x64.Build.0 = Debug|x64
		{EFFF05A2-638A-43BD-ADAD-0649E4FF387F}.Debug|x86.ActiveCfg = Debug|Win32
		{EFFF05A2-638A-43BD-ADAD-0649E4FF387F}.Debug|x86.Build.0 = Debug|Win32
		{EFFF05A2-638A-43BD-ADAD-0649E4FF387F}.Release|Any CPU.ActiveCfg = Release|Win32
		{EFFF05A2-638A-43BD-ADAD-0649E4FF387F}.Release|x64.ActiveCfg = Release|x64
		{EFFF05A2-638A-43BD-ADAD-0649E4FF387F}.Release|x64.Build.0 = Release|x64
		{EFFF05A2-638A-43BD-ADAD-0649E4FF387F}.Release|x86.ActiveCfg = Release|Win32
		{EFFF05A2-638A-43BD-ADAD-0649E4FF387F}.Release|x86.Build.0 = Release|Win32
		{8D517719-84B4-4AF2-A2DD-5980EAB475F5}.Debug|Any CPU.ActiveCfg = Debug|Win32
		{8D517719-84B4-4AF2-A2DD-5980EAB475F5}.Debug|x64.ActiveCfg = Debug|x64
		{8D517719-84B4-4AF2-A2DD-5980EAB475F5}.Debug|x64.Build.0 = Debug|x64
		{8D517719-84B4-4AF2-A2DD-5980EAB475F5}.Debug|x86.ActiveCfg = Debug|Win32
		{8D517719-84B4-4AF2-A2DD-5980EAB475F5}.Debug|x86.Build.0 = Debug|Win32
		{8D517719-84B4-4AF2-A2DD-5980EAB475F5}.Release|Any CPU.ActiveCfg = Release|Win32
		{8D517719-84B4-4AF2-A2DD-5980EAB475F5}.Release|x64.ActiveCfg = Release|x64
		{8D517719-84B4-4AF2-A2DD-5980EAB475F5}.Release|x64.Build.0 = Release|x64
		{8D517719-84B4-4AF2-A2DD-5980EAB475F5}.Release|x86.ActiveCfg = Release|Win32
		{8D517719-84B4-4AF2-A2DD-5980EAB475F5}.Release|x86.Build.0 = Release|Win32
		{5900EF2A-4E8A-43E8-805D-1A29DE412163}.Debug|Any CPU.ActiveCfg = Debug|Win32
		{5900EF2A-4E8A-43E8-805D-1A29DE412163}.Debug|x64.ActiveCfg = Debug|x64
		{5900EF2A-4E8A-43E8-805D-1A29DE412163}.Debug|x64.Build.0 = Debug|x64
		{5900EF2A-4E8A-43E8-805D-1A29DE412163}.Debug|x86.ActiveCfg = Debug|Win32
		{5900EF2A-4E8A-43E8-805D-1A29DE412163}.Debug|x86.Build.0 = Debug|Win32
		{5900EF2A-4E8A-43E8-805D-1A29DE412163}.Release|Any CPU.ActiveCfg = Release|Win32
		{5900EF2A-4E8A-43E8-805D-1A29DE412163}.Release|x64.ActiveCfg = Release|x64
		{5900EF2A-4E8A-43E8-805D-1A29DE412163}.Release|x64.Build.0 = Release|x64
		{5900EF2A-4E8A-43E8-805D-1A29DE412163}.Release|x86.ActiveCfg = Release|Win32
		{5900EF2A-4E8A-43E8-805D-1A29DE412163}.Release|x86.Build.0 = Release|Win32
		{7C45D90C-F560-425C-A639-9FB1CC9FAF3E}.Debug|Any CPU.ActiveCfg = Debug|Any CPU
		{7C45D90C-F560-425C-A639-9FB1CC9FAF3E}.Debug|Any CPU.Build.0 = Debug|Any CPU
		{7C45D90C-F560-425C-A639-9FB1CC9FAF3E}.Debug|x64.ActiveCfg = Debug|Any CPU
		{7C45D90C-F560-425C-A639-9FB1CC9FAF3E}.Debug|x64.Build.0 = Debug|Any CPU
		{7C45D90C-F560-425C-A639-9FB1CC9FAF3E}.Debug|x86.ActiveCfg = Debug|Any CPU
		{7C45D90C-F560-425C-A639-9FB1CC9FAF3E}.Debug|x86.Build.0 = Debug|Any CPU
		{7C45D90C-F560-425C-A639-9FB1CC9FAF3E}.Release|Any CPU.ActiveCfg = Release|Any CPU
		{7C45D90C-F560-425C-A639-9FB1CC9FAF3E}.Release|Any CPU.Build.0 = Release|Any CPU
		{7C45D90C-F560-425C-A639-9FB1CC9FAF3E}.Release|x64.ActiveCfg = Release|Any CPU
		{7C45D90C-F560-425C-A639-9FB1CC9FAF3E}.Release|x64.Build.0 = Release|Any CPU
		{7C45D90C-F560-425C-A639-9FB1CC9FAF3E}.Release|x86.ActiveCfg = Release|Any CPU
		{7C45D90C-F560-425C-A639-9FB1CC9FAF3E}.Release|x86.Build.0 = Release|Any CPU
		{51EDA025-D987-4F67-98D5-45A9D63992C4}.Debug|Any CPU.ActiveCfg = Debug|Any CPU
		{51EDA025-D987-4F67-98D5-45A9D63992C4}.Debug|Any CPU.Build.0 = Debug|Any CPU
		{51EDA025-D987-4F67-98D5-45A9D63992C4}.Debug|x64.ActiveCfg = Debug|Any CPU
		{51EDA025-D987-4F67-98D5-45A9D63992C4}.Debug|x64.Build.0 = Debug|Any CPU
		{51EDA025-D987-4F67-98D5-45A9D63992C4}.Debug|x86.ActiveCfg = Debug|Any CPU
		{51EDA025-D987-4F67-98D5-45A9D63992C4}.Debug|x86.Build.0 = Debug|Any CPU
		{51EDA025-D987-4F67-98D5-45A9D63992C4}.Release|Any CPU.ActiveCfg = Release|Any CPU
		{51EDA025-D987-4F67-98D5-45A9D63992C4}.Release|Any CPU.Build.0 = Release|Any CPU
		{51EDA025-D987-4F67-98D5-45A9D63992C4}.Release|x64.ActiveCfg = Release|Any CPU
		{51EDA025-D987-4F67-98D5-45A9D63992C4}.Release|x64.Build.0 = Release|Any CPU
		{51EDA025-D987-4F67-98D5-45A9D63992C4}.Release|x86.ActiveCfg = Release|Any CPU
		{51EDA025-D987-4F67-98D5-45A9D63992C4}.Release|x86.Build.0 = Release|Any CPU
		{C84D9471-8592-4B61-A845-23EF6233BA86}.Debug|Any CPU.ActiveCfg = Debug|Win32
		{C84D9471-8592-4B61-A845-23EF6233BA86}.Debug|x64.ActiveCfg = Debug|x64
		{C84D9471-8592-4B61-A845-23EF6233BA86}.Debug|x64.Build.0 = Debug|x64
		{C84D9471-8592-4B61-A845-23EF6233BA86}.Debug|x86.ActiveCfg = Debug|Win32
		{C84D9471-8592-4B61-A845-23EF6233BA86}.Debug|x86.Build.0 = Debug|Win32
		{C84D9471-8592-4B61-A845-23EF6233BA86}.Release|Any CPU.ActiveCfg = Release|Win32
		{C84D9471-8592-4B61-A845-23EF6233BA86}.Release|x64.ActiveCfg = Release|x64
		{C84D9471-8592-4B61-A845-23EF6233BA86}.Release|x64.Build.0 = Release|x64
		{C84D9471-8592-4B61-A845-23EF6233BA86}.Release|x86.ActiveCfg = Release|Win32
		{C84D9471-8592-4B61-A845-23EF6233BA86}.Release|x86.Build.0 = Release|Win32
		{7996DA3F-9A59-4E95-AB78-6C16534D6671}.Debug|Any CPU.ActiveCfg = Debug|Win32
		{7996DA3F-9A59-4E95-AB78-6C16534D6671}.Debug|x64.ActiveCfg = Debug|x64
		{7996DA3F-9A59-4E95-AB78-6C16534D6671}.Debug|x64.Build.0 = Debug|x64
		{7996DA3F-9A59-4E95-AB78-6C16534D6671}.Debug|x86.ActiveCfg = Debug|Win32
		{7996DA3F-9A59-4E95-AB78-6C16534D6671}.Debug|x86.Build.0 = Debug|Win32
		{7996DA3F-9A59-4E95-AB78-6C16534D6671}.Release|Any CPU.ActiveCfg = Release|Win32
		{7996DA3F-9A59-4E95-AB78-6C16534D6671}.Release|x64.ActiveCfg = Release|x64
		{7996DA3F-9A59-4E95-AB78-6C16534D6671}.Release|x64.Build.0 = Release|x64
		{7996DA3F-9A59-4E95-AB78-6C16534D6671}.Release|x86.ActiveCfg = Release|Win32
		{7996DA3F-9A59-4E95-AB78-6C16534D6671}.Release|x86.Build.0 = Release|Win32
	EndGlobalSection
	GlobalSection(SolutionProperties) = preSolution
		HideSolutionNode = FALSE
	EndGlobalSection
	GlobalSection(ExtensibilityGlobals) = postSolution
		SolutionGuid = {6698745B-DEC3-4634-9BC6-CB806319127E}
	EndGlobalSection
EndGlobal
